
Microsoft Visual Studio Solution File, Format Version 12.00
# Visual Studio Version 17
VisualStudioVersion = 17.0.32014.148
MinimumVisualStudioVersion = 10.0.40219.1
Project("{2150E333-8FDC-42A3-9474-1A3956D46DE8}") = "Solution Items", "Solution Items", "{C54C7D16-E2B6-4BEA-BA6E-C088EB8370CA}"
	ProjectSection(SolutionItems) = preProject
		.editorconfig = .editorconfig
	EndProjectSection
EndProject
Project("{9A19103F-16F7-4668-BE54-9A1E7A4F7556}") = "CSharp.Basics", "CSharp.Basics\CSharp.Basics.csproj", "{C12068EF-4C5A-4BD6-8B88-5C83856C60FC}"
EndProject
Project("{9A19103F-16F7-4668-BE54-9A1E7A4F7556}") = "AsyncGuidance", "AsyncGuidance\AsyncGuidance.csproj", "{BB2DA50B-0CDF-469F-A5C8-F2DB57A0ABDA}"
EndProject
Project("{9A19103F-16F7-4668-BE54-9A1E7A4F7556}") = "AutomapperSamples", "AutomapperSamples\AutomapperSamples.csproj", "{BBE163CB-1DA4-48E4-AF49-A8CA32F79342}"
EndProject
Project("{9A19103F-16F7-4668-BE54-9A1E7A4F7556}") = "EntityFrameworksDocs", "EntityFrameworksDocs\EntityFrameworksDocs.csproj", "{790DC978-A459-4BA8-A7B3-EFF2098591EE}"
EndProject
Project("{9A19103F-16F7-4668-BE54-9A1E7A4F7556}") = "AspNetCore6Docs", "AspNetCore6Docs\AspNetCore6Docs.csproj", "{73FBC225-CC80-4F19-AF4A-2BECD24386F5}"
EndProject
Project("{9A19103F-16F7-4668-BE54-9A1E7A4F7556}") = "ApiVersioning", "ApiVersioning\ApiVersioning.csproj", "{69B4ACE6-14EE-4573-B1B1-9D980BCEC10A}"
EndProject
Project("{FAE04EC0-301F-11D3-BF4B-00C04F79EFBC}") = "KataCore1", "KataCore1\KataCore1.csproj", "{C03F875D-DD6E-4C3B-9E42-A73E27E5A1DA}"
EndProject
Global
	GlobalSection(SolutionConfigurationPlatforms) = preSolution
		Debug|Any CPU = Debug|Any CPU
		Release|Any CPU = Release|Any CPU
	EndGlobalSection
	GlobalSection(ProjectConfigurationPlatforms) = postSolution
		{C12068EF-4C5A-4BD6-8B88-5C83856C60FC}.Debug|Any CPU.ActiveCfg = Debug|Any CPU
		{C12068EF-4C5A-4BD6-8B88-5C83856C60FC}.Debug|Any CPU.Build.0 = Debug|Any CPU
		{C12068EF-4C5A-4BD6-8B88-5C83856C60FC}.Release|Any CPU.ActiveCfg = Release|Any CPU
		{C12068EF-4C5A-4BD6-8B88-5C83856C60FC}.Release|Any CPU.Build.0 = Release|Any CPU
		{BB2DA50B-0CDF-469F-A5C8-F2DB57A0ABDA}.Debug|Any CPU.ActiveCfg = Debug|Any CPU
		{BB2DA50B-0CDF-469F-A5C8-F2DB57A0ABDA}.Debug|Any CPU.Build.0 = Debug|Any CPU
		{BB2DA50B-0CDF-469F-A5C8-F2DB57A0ABDA}.Release|Any CPU.ActiveCfg = Release|Any CPU
		{BB2DA50B-0CDF-469F-A5C8-F2DB57A0ABDA}.Release|Any CPU.Build.0 = Release|Any CPU
		{BBE163CB-1DA4-48E4-AF49-A8CA32F79342}.Debug|Any CPU.ActiveCfg = Debug|Any CPU
		{BBE163CB-1DA4-48E4-AF49-A8CA32F79342}.Debug|Any CPU.Build.0 = Debug|Any CPU
		{BBE163CB-1DA4-48E4-AF49-A8CA32F79342}.Release|Any CPU.ActiveCfg = Release|Any CPU
		{BBE163CB-1DA4-48E4-AF49-A8CA32F79342}.Release|Any CPU.Build.0 = Release|Any CPU
		{790DC978-A459-4BA8-A7B3-EFF2098591EE}.Debug|Any CPU.ActiveCfg = Debug|Any CPU
		{790DC978-A459-4BA8-A7B3-EFF2098591EE}.Debug|Any CPU.Build.0 = Debug|Any CPU
		{790DC978-A459-4BA8-A7B3-EFF2098591EE}.Release|Any CPU.ActiveCfg = Release|Any CPU
		{790DC978-A459-4BA8-A7B3-EFF2098591EE}.Release|Any CPU.Build.0 = Release|Any CPU
		{73FBC225-CC80-4F19-AF4A-2BECD24386F5}.Debug|Any CPU.ActiveCfg = Debug|Any CPU
		{73FBC225-CC80-4F19-AF4A-2BECD24386F5}.Debug|Any CPU.Build.0 = Debug|Any CPU
		{73FBC225-CC80-4F19-AF4A-2BECD24386F5}.Release|Any CPU.ActiveCfg = Release|Any CPU
		{73FBC225-CC80-4F19-AF4A-2BECD24386F5}.Release|Any CPU.Build.0 = Release|Any CPU
		{69B4ACE6-14EE-4573-B1B1-9D980BCEC10A}.Debug|Any CPU.ActiveCfg = Debug|Any CPU
		{69B4ACE6-14EE-4573-B1B1-9D980BCEC10A}.Debug|Any CPU.Build.0 = Debug|Any CPU
		{69B4ACE6-14EE-4573-B1B1-9D980BCEC10A}.Release|Any CPU.ActiveCfg = Release|Any CPU
		{69B4ACE6-14EE-4573-B1B1-9D980BCEC10A}.Release|Any CPU.Build.0 = Release|Any CPU
		{C03F875D-DD6E-4C3B-9E42-A73E27E5A1DA}.Debug|Any CPU.ActiveCfg = Debug|Any CPU
		{C03F875D-DD6E-4C3B-9E42-A73E27E5A1DA}.Debug|Any CPU.Build.0 = Debug|Any CPU
		{C03F875D-DD6E-4C3B-9E42-A73E27E5A1DA}.Release|Any CPU.ActiveCfg = Release|Any CPU
		{C03F875D-DD6E-4C3B-9E42-A73E27E5A1DA}.Release|Any CPU.Build.0 = Release|Any CPU
	EndGlobalSection
	GlobalSection(SolutionProperties) = preSolution
		HideSolutionNode = FALSE
	EndGlobalSection
	GlobalSection(ExtensibilityGlobals) = postSolution
		SolutionGuid = {1E03D533-7567-44A5-8764-89BCDE03301F}
	EndGlobalSection
EndGlobal
